{
  "dependencies": {
    "jsverify": {
      "version": "0.7.1",
      "from": "jsverify@*",
      "resolved": "https://registry.npmjs.org/jsverify/-/jsverify-0.7.1.tgz"
    },
    "lazy-seq": {
      "version": "1.0.0",
      "from": "lazy-seq@>=1.0.0 <2.0.0",
      "resolved": "https://registry.npmjs.org/lazy-seq/-/lazy-seq-1.0.0.tgz"
    },
    "rc4": {
      "version": "0.1.5",
      "from": "rc4@>=0.1.5 <0.2.0",
      "resolved": "https://registry.npmjs.org/rc4/-/rc4-0.1.5.tgz"
    },
    "trampa": {
      "version": "1.0.0",
      "from": "trampa@>=1.0.0 <2.0.0",
      "resolved": "https://registry.npmjs.org/trampa/-/trampa-1.0.0.tgz"
    },
    "typify-parser": {
      "version": "1.1.0",
      "from": "typify-parser@>=1.1.0 <2.0.0",
      "resolved": "https://registry.npmjs.org/typify-parser/-/typify-parser-1.1.0.tgz"
    }
  }
}
